
Microsoft Visual Studio Solution File, Format Version 12.00
# Visual Studio Version 17
VisualStudioVersion = 17.0.31717.71
MinimumVisualStudioVersion = 10.0.40219.1
Project("{FAE04EC0-301F-11D3-BF4B-00C04F79EFBC}") = "SkiPass.Api", "SkiPass.Api\SkiPass.Api.csproj", "{38688057-9DF2-435F-B325-6209F53C49F6}"
EndProject
Global
	GlobalSection(SolutionConfigurationPlatforms) = preSolution
		Debug|Any CPU = Debug|Any CPU
		Release|Any CPU = Release|Any CPU
	EndGlobalSection
	GlobalSection(ProjectConfigurationPlatforms) = postSolution
		{38688057-9DF2-435F-B325-6209F53C49F6}.Debug|Any CPU.ActiveCfg = Debug|Any CPU
		{38688057-9DF2-435F-B325-6209F53C49F6}.Debug|Any CPU.Build.0 = Debug|Any CPU
		{38688057-9DF2-435F-B325-6209F53C49F6}.Release|Any CPU.ActiveCfg = Release|Any CPU
		{38688057-9DF2-435F-B325-6209F53C49F6}.Release|Any CPU.Build.0 = Release|Any CPU
	EndGlobalSection
	GlobalSection(SolutionProperties) = preSolution
		HideSolutionNode = FALSE
	EndGlobalSection
	GlobalSection(ExtensibilityGlobals) = postSolution
		SolutionGuid = {333C8DFB-2491-486B-8D43-8CA3EFA9BA05}
	EndGlobalSection
EndGlobal
